
Microsoft Visual Studio Solution File, Format Version 12.00
# Visual Studio 2012
Project("{E24C65DC-7377-472B-9ABA-BC803B73C61A}") = "Fitness", ".", "{62FDCF1A-A05B-42B7-B340-D511A48C6417}"
	ProjectSection(WebsiteProperties) = preProject
		TargetFrameworkMoniker = ".NETFramework,Version%3Dv4.5"
		Debug.AspNetCompiler.VirtualPath = "/Fitness"
		Debug.AspNetCompiler.PhysicalPath = "..\Fitness\"
		Debug.AspNetCompiler.TargetPath = "PrecompiledWeb\Fitness\"
		Debug.AspNetCompiler.Updateable = "true"
		Debug.AspNetCompiler.ForceOverwrite = "true"
		Debug.AspNetCompiler.FixedNames = "false"
		Debug.AspNetCompiler.Debug = "True"
		Release.AspNetCompiler.VirtualPath = "/Fitness"
		Release.AspNetCompiler.PhysicalPath = "..\Fitness\"
		Release.AspNetCompiler.TargetPath = "PrecompiledWeb\Fitness\"
		Release.AspNetCompiler.Updateable = "true"
		Release.AspNetCompiler.ForceOverwrite = "true"
		Release.AspNetCompiler.FixedNames = "false"
		Release.AspNetCompiler.Debug = "False"
		VWDPort = "1940"
	EndProjectSection
EndProject
Global
	GlobalSection(SolutionConfigurationPlatforms) = preSolution
		Debug|Any CPU = Debug|Any CPU
	EndGlobalSection
	GlobalSection(ProjectConfigurationPlatforms) = postSolution
		{62FDCF1A-A05B-42B7-B340-D511A48C6417}.Debug|Any CPU.ActiveCfg = Debug|Any CPU
		{62FDCF1A-A05B-42B7-B340-D511A48C6417}.Debug|Any CPU.Build.0 = Debug|Any CPU
	EndGlobalSection
	GlobalSection(SolutionProperties) = preSolution
		HideSolutionNode = FALSE
	EndGlobalSection
EndGlobal
